PODS:
  - KcSwizzleManage (0.0.1):
    - KcSwizzleManage/Associations (= 0.0.1)
    - KcSwizzleManage/Rx (= 0.0.1)
  - KcSwizzleManage/Associations (0.0.1)
  - KcSwizzleManage/Rx (0.0.1):
    - RxSwift
  - RxSwift (6.2.0)

DEPENDENCIES:
  - KcSwizzleManage (from `../`)

SPEC REPOS:
  trunk:
    - RxSwift

EXTERNAL SOURCES:
  KcSwizzleManage:
    :path: "../"

SPEC CHECKSUMS:
  KcSwizzleManage: 583e187a3d75579f407835e7cc27c50abd268f58
  RxSwift: d356ab7bee873611322f134c5f9ef379fa183d8f

PODFILE CHECKSUM: 260b2d36b1aba5bbf0a85257e510904fc460bd26

COCOAPODS: 1.10.2
